{
    "_readme": [
        "This file locks the dependencies of your project to a known state",
        "Read more about it at https://getcomposer.org/doc/01-basic-usage.md#composer-lock-the-lock-file",
        "This file is @generated automatically"
    ],
    "hash": "ce95d398bb614f01bc8244875aa1e916",
    "content-hash": "792e28d82338ca0d936df3a9fd74d68f",
    "packages": [
        {
            "name": "anax/common",
            "version": "v1.0.1",
            "source": {
                "type": "git",
                "url": "https://github.com/canax/common.git",
                "reference": "2e46a8910bec6277ea20d4e4872aea7cc2f16bec"
            },
            "dist": {
                "type": "zip",
                "url": "https://api.github.com/repos/canax/common/zipball/2e46a8910bec6277ea20d4e4872aea7cc2f16bec",
                "reference": "2e46a8910bec6277ea20d4e4872aea7cc2f16bec",
                "shasum": ""
            },
            "require": {
                "php": ">=5.6"
            },
            "require-dev": {
                "php": ">=5.6"
            },
            "type": "library",
            "autoload": {
                "psr-4": {
                    "Anax\\": "src/"
                }
            },
            "notification-url": "https://packagist.org/downloads/",
            "license": [
                "MIT"
            ],
            "authors": [
                {
                    "name": "Mikael Roos",
                    "email": "mos@dbwebb.se",
                    "homepage": "https://dbwebb.se",
                    "role": "Developer"
                }
            ],
            "description": "Anax Common functions and classes.",
            "homepage": "https://dbwebb.se/anax",
            "keywords": [
                "boilerplate",
                "education",
                "framework",
                "micro",
                "mvc"
            ],
            "time": "2017-03-03 15:00:39"
        },
        {
            "name": "anax/request",
            "version": "v1.0.0",
            "source": {
                "type": "git",
                "url": "https://github.com/canax/request.git",
                "reference": "3f575fe32f7e9eda8f7218f24cac4fada8309547"
            },
            "dist": {
                "type": "zip",
                "url": "https://api.github.com/repos/canax/request/zipball/3f575fe32f7e9eda8f7218f24cac4fada8309547",
                "reference": "3f575fe32f7e9eda8f7218f24cac4fada8309547",
                "shasum": ""
            },
            "require": {
                "php": ">=5.6"
            },
            "require-dev": {
                "php": ">=5.6"
            },
            "type": "library",
            "autoload": {
                "psr-4": {
                    "Anax\\": "src/"
                }
            },
            "notification-url": "https://packagist.org/downloads/",
            "license": [
                "MIT"
            ],
            "authors": [
                {
                    "name": "Mikael Roos",
                    "email": "mos@dbwebb.se",
                    "homepage": "https://dbwebb.se",
                    "role": "Developer"
                }
            ],
            "description": "Anax Request class.",
            "homepage": "https://dbwebb.se/anax",
            "keywords": [
                "boilerplate",
                "education",
                "framework",
                "micro",
                "mvc"
            ],
            "time": "2017-03-03 10:35:05"
        },
        {
            "name": "anax/url",
            "version": "v1.0.0",
            "source": {
                "type": "git",
                "url": "https://github.com/canax/url.git",
                "reference": "5ee587e4327d670714f6ba6740ee7f6139ae3130"
            },
            "dist": {
                "type": "zip",
                "url": "https://api.github.com/repos/canax/url/zipball/5ee587e4327d670714f6ba6740ee7f6139ae3130",
                "reference": "5ee587e4327d670714f6ba6740ee7f6139ae3130",
                "shasum": ""
            },
            "require": {
                "anax/common": "^1.0",
                "php": ">=5.6"
            },
            "require-dev": {
                "php": ">=5.6"
            },
            "type": "library",
            "autoload": {
                "psr-4": {
                    "Anax\\": "src/"
                }
            },
            "notification-url": "https://packagist.org/downloads/",
            "license": [
                "MIT"
            ],
            "authors": [
                {
                    "name": "Mikael Roos",
                    "email": "mos@dbwebb.se",
                    "homepage": "https://dbwebb.se",
                    "role": "Developer"
                }
            ],
            "description": "Anax Url class.",
            "homepage": "https://dbwebb.se/anax",
            "keywords": [
                "boilerplate",
                "education",
                "framework",
                "micro",
                "mvc"
            ],
            "time": "2017-03-03 14:18:04"
        }
    ],
    "packages-dev": [],
    "aliases": [],
    "minimum-stability": "stable",
    "stability-flags": [],
    "prefer-stable": false,
    "prefer-lowest": false,
    "platform": [],
    "platform-dev": []
}
