{
    "_readme": [
        "This file locks the dependencies of your project to a known state",
        "Read more about it at https://getcomposer.org/doc/01-basic-usage.md#composer-lock-the-lock-file",
        "This file is @generated automatically"
    ],
    "hash": "4d0629c357533abe58da8ff26e89ea71",
    "content-hash": "9df98fac18ece435f2f116e7566aa811",
    "packages": [
        {
            "name": "anax/common",
            "version": "v1.0.6",
            "source": {
                "type": "git",
                "url": "https://github.com/canax/common.git",
                "reference": "d7cdc1c5b445a7718d0ae2379fd92f219f43fe99"
            },
            "dist": {
                "type": "zip",
                "url": "https://api.github.com/repos/canax/common/zipball/d7cdc1c5b445a7718d0ae2379fd92f219f43fe99",
                "reference": "d7cdc1c5b445a7718d0ae2379fd92f219f43fe99",
                "shasum": ""
            },
            "require": {
                "php": ">=5.6"
            },
            "require-dev": {
                "php": ">=5.6"
            },
            "type": "library",
            "autoload": {
                "psr-4": {
                    "Anax\\": "src/"
                },
                "files": [
                    "src/functions.php"
                ]
            },
            "notification-url": "https://packagist.org/downloads/",
            "license": [
                "MIT"
            ],
            "authors": [
                {
                    "name": "Mikael Roos",
                    "email": "mos@dbwebb.se",
                    "homepage": "https://dbwebb.se",
                    "role": "Developer"
                }
            ],
            "description": "Anax Common functions and classes.",
            "homepage": "https://dbwebb.se/anax",
            "keywords": [
                "boilerplate",
                "education",
                "framework",
                "micro",
                "mvc"
            ],
            "time": "2017-03-10 12:43:46"
        },
        {
            "name": "anax/request",
            "version": "v1.0.1",
            "source": {
                "type": "git",
                "url": "https://github.com/canax/request.git",
                "reference": "4c961699d1a06532c7996eb967204b61d7bd8bc1"
            },
            "dist": {
                "type": "zip",
                "url": "https://api.github.com/repos/canax/request/zipball/4c961699d1a06532c7996eb967204b61d7bd8bc1",
                "reference": "4c961699d1a06532c7996eb967204b61d7bd8bc1",
                "shasum": ""
            },
            "require": {
                "php": ">=5.6"
            },
            "require-dev": {
                "php": ">=5.6"
            },
            "type": "library",
            "autoload": {
                "psr-4": {
                    "Anax\\": "src/"
                }
            },
            "notification-url": "https://packagist.org/downloads/",
            "license": [
                "MIT"
            ],
            "authors": [
                {
                    "name": "Mikael Roos",
                    "email": "mos@dbwebb.se",
                    "homepage": "https://dbwebb.se",
                    "role": "Developer"
                }
            ],
            "description": "Anax Request class.",
            "homepage": "https://dbwebb.se/anax",
            "keywords": [
                "boilerplate",
                "education",
                "framework",
                "micro",
                "mvc"
            ],
            "time": "2017-03-07 08:24:13"
        },
        {
            "name": "anax/response",
            "version": "v1.0.2",
            "source": {
                "type": "git",
                "url": "https://github.com/canax/response.git",
                "reference": "77cab97b3f68b8a0c3187cf9d051bc1faa67dfa0"
            },
            "dist": {
                "type": "zip",
                "url": "https://api.github.com/repos/canax/response/zipball/77cab97b3f68b8a0c3187cf9d051bc1faa67dfa0",
                "reference": "77cab97b3f68b8a0c3187cf9d051bc1faa67dfa0",
                "shasum": ""
            },
            "require": {
                "php": ">=5.6"
            },
            "require-dev": {
                "php": ">=5.6"
            },
            "type": "library",
            "autoload": {
                "psr-4": {
                    "Anax\\": "src/"
                }
            },
            "notification-url": "https://packagist.org/downloads/",
            "license": [
                "MIT"
            ],
            "authors": [
                {
                    "name": "Mikael Roos",
                    "email": "mos@dbwebb.se",
                    "homepage": "https://dbwebb.se",
                    "role": "Developer"
                }
            ],
            "description": "Anax Response module.",
            "homepage": "https://dbwebb.se/anax",
            "keywords": [
                "boilerplate",
                "education",
                "framework",
                "micro",
                "mvc"
            ],
            "time": "2017-03-09 13:41:05"
        },
        {
            "name": "anax/router",
            "version": "v1.0.0",
            "source": {
                "type": "git",
                "url": "https://github.com/canax/router.git",
                "reference": "df6a125d5228879c612cac31e5e5d3b940b21941"
            },
            "dist": {
                "type": "zip",
                "url": "https://api.github.com/repos/canax/router/zipball/df6a125d5228879c612cac31e5e5d3b940b21941",
                "reference": "df6a125d5228879c612cac31e5e5d3b940b21941",
                "shasum": ""
            },
            "require": {
                "php": ">=5.6"
            },
            "require-dev": {
                "php": ">=5.6"
            },
            "type": "library",
            "autoload": {
                "psr-4": {
                    "Anax\\": "src/"
                }
            },
            "notification-url": "https://packagist.org/downloads/",
            "license": [
                "MIT"
            ],
            "authors": [
                {
                    "name": "Mikael Roos",
                    "email": "mos@dbwebb.se",
                    "homepage": "https://dbwebb.se",
                    "role": "Developer"
                }
            ],
            "description": "Anax Router module.",
            "homepage": "https://dbwebb.se/anax",
            "keywords": [
                "boilerplate",
                "education",
                "framework",
                "micro",
                "mvc"
            ],
            "time": "2017-03-07 10:52:47"
        },
        {
            "name": "anax/url",
            "version": "v1.0.5",
            "source": {
                "type": "git",
                "url": "https://github.com/canax/url.git",
                "reference": "9a2de055e38b23074badcf9bb1293c3fdc715a5e"
            },
            "dist": {
                "type": "zip",
                "url": "https://api.github.com/repos/canax/url/zipball/9a2de055e38b23074badcf9bb1293c3fdc715a5e",
                "reference": "9a2de055e38b23074badcf9bb1293c3fdc715a5e",
                "shasum": ""
            },
            "require": {
                "anax/common": "^1.0",
                "php": ">=5.6"
            },
            "require-dev": {
                "php": ">=5.6"
            },
            "type": "library",
            "autoload": {
                "psr-4": {
                    "Anax\\": "src/"
                }
            },
            "notification-url": "https://packagist.org/downloads/",
            "license": [
                "MIT"
            ],
            "authors": [
                {
                    "name": "Mikael Roos",
                    "email": "mos@dbwebb.se",
                    "homepage": "https://dbwebb.se",
                    "role": "Developer"
                }
            ],
            "description": "Anax Url class.",
            "homepage": "https://dbwebb.se/anax",
            "keywords": [
                "boilerplate",
                "education",
                "framework",
                "micro",
                "mvc"
            ],
            "time": "2017-03-10 12:53:10"
        },
        {
            "name": "anax/view",
            "version": "v1.0.3",
            "source": {
                "type": "git",
                "url": "https://github.com/canax/view.git",
                "reference": "12621550d633189e6639508330515f3394e2cc84"
            },
            "dist": {
                "type": "zip",
                "url": "https://api.github.com/repos/canax/view/zipball/12621550d633189e6639508330515f3394e2cc84",
                "reference": "12621550d633189e6639508330515f3394e2cc84",
                "shasum": ""
            },
            "require": {
                "anax/common": "^1.0",
                "php": ">=5.6"
            },
            "require-dev": {
                "php": ">=5.6"
            },
            "type": "library",
            "autoload": {
                "psr-4": {
                    "Anax\\": "src/"
                }
            },
            "notification-url": "https://packagist.org/downloads/",
            "license": [
                "MIT"
            ],
            "authors": [
                {
                    "name": "Mikael Roos",
                    "email": "mos@dbwebb.se",
                    "homepage": "https://dbwebb.se",
                    "role": "Developer"
                }
            ],
            "description": "Anax View module.",
            "homepage": "https://dbwebb.se/anax",
            "keywords": [
                "boilerplate",
                "education",
                "framework",
                "micro",
                "mvc"
            ],
            "time": "2017-03-10 12:11:51"
        }
    ],
    "packages-dev": [],
    "aliases": [],
    "minimum-stability": "stable",
    "stability-flags": [],
    "prefer-stable": false,
    "prefer-lowest": false,
    "platform": [],
    "platform-dev": []
}
